
Microsoft Visual Studio Solution File, Format Version 12.00
# Visual Studio Version 17
VisualStudioVersion = 17.3.32929.385
MinimumVisualStudioVersion = 10.0.40219.1
Project("{FAE04EC0-301F-11D3-BF4B-00C04F79EFBC}") = "WebApplication1", "WebApplication1\WebApplication1.csproj", "{F124BBEE-3707-4605-BC7F-3E690FE13367}"
EndProject
Global
	GlobalSection(SolutionConfigurationPlatforms) = preSolution
		Debug|Any CPU = Debug|Any CPU
		Release|Any CPU = Release|Any CPU
	EndGlobalSection
	GlobalSection(ProjectConfigurationPlatforms) = postSolution
		{F124BBEE-3707-4605-BC7F-3E690FE13367}.Debug|Any CPU.ActiveCfg = Debug|Any CPU
		{F124BBEE-3707-4605-BC7F-3E690FE13367}.Debug|Any CPU.Build.0 = Debug|Any CPU
		{F124BBEE-3707-4605-BC7F-3E690FE13367}.Release|Any CPU.ActiveCfg = Release|Any CPU
		{F124BBEE-3707-4605-BC7F-3E690FE13367}.Release|Any CPU.Build.0 = Release|Any CPU
	EndGlobalSection
	GlobalSection(SolutionProperties) = preSolution
		HideSolutionNode = FALSE
	EndGlobalSection
	GlobalSection(ExtensibilityGlobals) = postSolution
		SolutionGuid = {1BAA6E5F-6E37-4361-8B9A-C573284ED4F3}
	EndGlobalSection
EndGlobal
